
Microsoft Visual Studio Solution File, Format Version 12.00
# Visual Studio Version 16
VisualStudioVersion = 16.0.29311.281
MinimumVisualStudioVersion = 10.0.40219.1
Project("{2150E333-8FDC-42A3-9474-1A3956D46DE8}") = "DBCollect", "DBCollect", "{6AEDE241-C95D-4F5E-A8D7-5739FEA525BE}"
EndProject
Project("{FAE04EC0-301F-11D3-BF4B-00C04F79EFBC}") = "SQLiteHelper", "DBCollect\SQLiteHelper\SQLiteHelper.csproj", "{1B6DCEA3-97FE-4317-88F5-B4F48B60814A}"
EndProject
Global
	GlobalSection(SolutionConfigurationPlatforms) = preSolution
		Debug|Any CPU = Debug|Any CPU
		Release|Any CPU = Release|Any CPU
	EndGlobalSection
	GlobalSection(ProjectConfigurationPlatforms) = postSolution
		{1B6DCEA3-97FE-4317-88F5-B4F48B60814A}.Debug|Any CPU.ActiveCfg = Debug|Any CPU
		{1B6DCEA3-97FE-4317-88F5-B4F48B60814A}.Debug|Any CPU.Build.0 = Debug|Any CPU
		{1B6DCEA3-97FE-4317-88F5-B4F48B60814A}.Release|Any CPU.ActiveCfg = Release|Any CPU
		{1B6DCEA3-97FE-4317-88F5-B4F48B60814A}.Release|Any CPU.Build.0 = Release|Any CPU
	EndGlobalSection
	GlobalSection(SolutionProperties) = preSolution
		HideSolutionNode = FALSE
	EndGlobalSection
	GlobalSection(NestedProjects) = preSolution
		{1B6DCEA3-97FE-4317-88F5-B4F48B60814A} = {6AEDE241-C95D-4F5E-A8D7-5739FEA525BE}
	EndGlobalSection
	GlobalSection(ExtensibilityGlobals) = postSolution
		SolutionGuid = {0730DE32-84D8-47C9-9AA1-F2D5FACDA7E4}
	EndGlobalSection
EndGlobal
